// !$*UTF8*$!
{
	archiveVersion = 1;
	classes = {
	};
	objectVersion = 48;
	objects = {

/* Begin PBXBuildFile section */
		565931961FD53FA900E80835 /* UIImageExtension.swift in Sources */ = {isa = PBXBuildFile; fileRef = 565931951FD53FA900E80835 /* UIImageExtension.swift */; };
		565931981FD542D100E80835 /* CGRectExtension.swift in Sources */ = {isa = PBXBuildFile; fileRef = 565931971FD542D100E80835 /* CGRectExtension.swift */; };
		5659319A1FD543C700E80835 /* CGSizeExtension.swift in Sources */ = {isa = PBXBuildFile; fileRef = 565931991FD543C700E80835 /* CGSizeExtension.swift */; };
		56846C421F73D11700FAD362 /* PngIdatChunkData.swift in Sources */ = {isa = PBXBuildFile; fileRef = 56846C411F73D11700FAD362 /* PngIdatChunkData.swift */; };
		56846C441F74965A00FAD362 /* PngPlteChunkData.swift in Sources */ = {isa = PBXBuildFile; fileRef = 56846C431F74965A00FAD362 /* PngPlteChunkData.swift */; };
		56ADCEE21F7349780068E370 /* AppDelegate.swift in Sources */ = {isa = PBXBuildFile; fileRef = 56ADCEE11F7349780068E370 /* AppDelegate.swift */; };
		56ADCEE41F7349780068E370 /* ViewController.swift in Sources */ = {isa = PBXBuildFile; fileRef = 56ADCEE31F7349780068E370 /* ViewController.swift */; };
		56ADCEE71F7349780068E370 /* Main.storyboard in Resources */ = {isa = PBXBuildFile; fileRef = 56ADCEE51F7349780068E370 /* Main.storyboard */; };
		56ADCEE91F7349780068E370 /* Assets.xcassets in Resources */ = {isa = PBXBuildFile; fileRef = 56ADCEE81F7349780068E370 /* Assets.xcassets */; };
		56ADCEEC1F7349780068E370 /* LaunchScreen.storyboard in Resources */ = {isa = PBXBuildFile; fileRef = 56ADCEEA1F7349780068E370 /* LaunchScreen.storyboard */; };
		56ADCEF71F7349780068E370 /* apngSampleTests.swift in Sources */ = {isa = PBXBuildFile; fileRef = 56ADCEF61F7349780068E370 /* apngSampleTests.swift */; };
		56ADCF031F734CCA0068E370 /* animated.png in Resources */ = {isa = PBXBuildFile; fileRef = 56ADCF021F7349FD0068E370 /* animated.png */; };
		56ADCF061F7364640068E370 /* APNG.swift in Sources */ = {isa = PBXBuildFile; fileRef = 56ADCF051F7364640068E370 /* APNG.swift */; };
		56ADCF081F7365CD0068E370 /* DataView.swift in Sources */ = {isa = PBXBuildFile; fileRef = 56ADCF071F7365CD0068E370 /* DataView.swift */; };
		56ADCF0A1F73675D0068E370 /* Crc32.swift in Sources */ = {isa = PBXBuildFile; fileRef = 56ADCF091F73675D0068E370 /* Crc32.swift */; };
		56ADCF0C1F73A9850068E370 /* PngChunk.swift in Sources */ = {isa = PBXBuildFile; fileRef = 56ADCF0B1F73A9850068E370 /* PngChunk.swift */; };
		56ADCF0F1F73B6AF0068E370 /* ChunkType.swift in Sources */ = {isa = PBXBuildFile; fileRef = 56ADCF0E1F73B6AF0068E370 /* ChunkType.swift */; };
		56ADCF121F73BF4E0068E370 /* PngFctlChunkData.swift in Sources */ = {isa = PBXBuildFile; fileRef = 56ADCF111F73BF4E0068E370 /* PngFctlChunkData.swift */; };
		56ADCF141F73BF710068E370 /* PngFdatChunkData.swift in Sources */ = {isa = PBXBuildFile; fileRef = 56ADCF131F73BF710068E370 /* PngFdatChunkData.swift */; };
		56ADCF161F73BF8B0068E370 /* PngActlChunkData.swift in Sources */ = {isa = PBXBuildFile; fileRef = 56ADCF151F73BF8B0068E370 /* PngActlChunkData.swift */; };
		56ADCF181F73BFA20068E370 /* PngIHDRChunkData.swift in Sources */ = {isa = PBXBuildFile; fileRef = 56ADCF171F73BFA20068E370 /* PngIHDRChunkData.swift */; };
		56ADCF1A1F73C0010068E370 /* ByteArrayConvertible.swift in Sources */ = {isa = PBXBuildFile; fileRef = 56ADCF191F73C0010068E370 /* ByteArrayConvertible.swift */; };
		56ADCF1C1F73C2EF0068E370 /* PngTextChunkData.swift in Sources */ = {isa = PBXBuildFile; fileRef = 56ADCF1B1F73C2EF0068E370 /* PngTextChunkData.swift */; };
/* End PBXBuildFile section */

/* Begin PBXContainerItemProxy section */
		56ADCEF31F7349780068E370 /* PBXContainerItemProxy */ = {
			isa = PBXContainerItemProxy;
			containerPortal = 56ADCED61F7349780068E370 /* Project object */;
			proxyType = 1;
			remoteGlobalIDString = 56ADCEDD1F7349780068E370;
			remoteInfo = apngSample;
		};
/* End PBXContainerItemProxy section */

/* Begin PBXFileReference section */
		565931951FD53FA900E80835 /* UIImageExtension.swift */ = {isa = PBXFileReference; fileEncoding = 4; lastKnownFileType = sourcecode.swift; path = UIImageExtension.swift; sourceTree = "<group>"; };
		565931971FD542D100E80835 /* CGRectExtension.swift */ = {isa = PBXFileReference; lastKnownFileType = sourcecode.swift; path = CGRectExtension.swift; sourceTree = "<group>"; };
		565931991FD543C700E80835 /* CGSizeExtension.swift */ = {isa = PBXFileReference; lastKnownFileType = sourcecode.swift; path = CGSizeExtension.swift; sourceTree = "<group>"; };
		56846C411F73D11700FAD362 /* PngIdatChunkData.swift */ = {isa = PBXFileReference; lastKnownFileType = sourcecode.swift; path = PngIdatChunkData.swift; sourceTree = "<group>"; };
		56846C431F74965A00FAD362 /* PngPlteChunkData.swift */ = {isa = PBXFileReference; lastKnownFileType = sourcecode.swift; path = PngPlteChunkData.swift; sourceTree = "<group>"; };
		56ADCEDE1F7349780068E370 /* apngSample.app */ = {isa = PBXFileReference; explicitFileType = wrapper.application; includeInIndex = 0; path = apngSample.app; sourceTree = BUILT_PRODUCTS_DIR; };
		56ADCEE11F7349780068E370 /* AppDelegate.swift */ = {isa = PBXFileReference; lastKnownFileType = sourcecode.swift; path = AppDelegate.swift; sourceTree = "<group>"; };
		56ADCEE31F7349780068E370 /* ViewController.swift */ = {isa = PBXFileReference; lastKnownFileType = sourcecode.swift; path = ViewController.swift; sourceTree = "<group>"; };
		56ADCEE61F7349780068E370 /* Base */ = {isa = PBXFileReference; lastKnownFileType = file.storyboard; name = Base; path = Base.lproj/Main.storyboard; sourceTree = "<group>"; };
		56ADCEE81F7349780068E370 /* Assets.xcassets */ = {isa = PBXFileReference; lastKnownFileType = folder.assetcatalog; path = Assets.xcassets; sourceTree = "<group>"; };
		56ADCEEB1F7349780068E370 /* Base */ = {isa = PBXFileReference; lastKnownFileType = file.storyboard; name = Base; path = Base.lproj/LaunchScreen.storyboard; sourceTree = "<group>"; };
		56ADCEED1F7349780068E370 /* Info.plist */ = {isa = PBXFileReference; lastKnownFileType = text.plist.xml; path = Info.plist; sourceTree = "<group>"; };
		56ADCEF21F7349780068E370 /* apngSampleTests.xctest */ = {isa = PBXFileReference; explicitFileType = wrapper.cfbundle; includeInIndex = 0; path = apngSampleTests.xctest; sourceTree = BUILT_PRODUCTS_DIR; };
		56ADCEF61F7349780068E370 /* apngSampleTests.swift */ = {isa = PBXFileReference; lastKnownFileType = sourcecode.swift; path = apngSampleTests.swift; sourceTree = "<group>"; };
		56ADCEF81F7349780068E370 /* Info.plist */ = {isa = PBXFileReference; lastKnownFileType = text.plist.xml; path = Info.plist; sourceTree = "<group>"; };
		56ADCF021F7349FD0068E370 /* animated.png */ = {isa = PBXFileReference; lastKnownFileType = image.png; path = animated.png; sourceTree = "<group>"; };
		56ADCF051F7364640068E370 /* APNG.swift */ = {isa = PBXFileReference; lastKnownFileType = sourcecode.swift; path = APNG.swift; sourceTree = "<group>"; };
		56ADCF071F7365CD0068E370 /* DataView.swift */ = {isa = PBXFileReference; lastKnownFileType = sourcecode.swift; path = DataView.swift; sourceTree = "<group>"; };
		56ADCF091F73675D0068E370 /* Crc32.swift */ = {isa = PBXFileReference; lastKnownFileType = sourcecode.swift; path = Crc32.swift; sourceTree = "<group>"; };
		56ADCF0B1F73A9850068E370 /* PngChunk.swift */ = {isa = PBXFileReference; lastKnownFileType = sourcecode.swift; path = PngChunk.swift; sourceTree = "<group>"; };
		56ADCF0E1F73B6AF0068E370 /* ChunkType.swift */ = {isa = PBXFileReference; lastKnownFileType = sourcecode.swift; path = ChunkType.swift; sourceTree = "<group>"; };
		56ADCF111F73BF4E0068E370 /* PngFctlChunkData.swift */ = {isa = PBXFileReference; lastKnownFileType = sourcecode.swift; path = PngFctlChunkData.swift; sourceTree = "<group>"; };
		56ADCF131F73BF710068E370 /* PngFdatChunkData.swift */ = {isa = PBXFileReference; lastKnownFileType = sourcecode.swift; path = PngFdatChunkData.swift; sourceTree = "<group>"; };
		56ADCF151F73BF8B0068E370 /* PngActlChunkData.swift */ = {isa = PBXFileReference; lastKnownFileType = sourcecode.swift; path = PngActlChunkData.swift; sourceTree = "<group>"; };
		56ADCF171F73BFA20068E370 /* PngIHDRChunkData.swift */ = {isa = PBXFileReference; lastKnownFileType = sourcecode.swift; path = PngIHDRChunkData.swift; sourceTree = "<group>"; };
		56ADCF191F73C0010068E370 /* ByteArrayConvertible.swift */ = {isa = PBXFileReference; lastKnownFileType = sourcecode.swift; path = ByteArrayConvertible.swift; sourceTree = "<group>"; };
		56ADCF1B1F73C2EF0068E370 /* PngTextChunkData.swift */ = {isa = PBXFileReference; lastKnownFileType = sourcecode.swift; path = PngTextChunkData.swift; sourceTree = "<group>"; };
/* End PBXFileReference section */

/* Begin PBXFrameworksBuildPhase section */
		56ADCEDB1F7349780068E370 /* Frameworks */ = {
			isa = PBXFrameworksBuildPhase;
			buildActionMask = 2147483647;
			files = (
			);
			runOnlyForDeploymentPostprocessing = 0;
		};
		56ADCEEF1F7349780068E370 /* Frameworks */ = {
			isa = PBXFrameworksBuildPhase;
			buildActionMask = 2147483647;
			files = (
			);
			runOnlyForDeploymentPostprocessing = 0;
		};
/* End PBXFrameworksBuildPhase section */

/* Begin PBXGroup section */
		565931931FD53D8700E80835 /* InspectBinary */ = {
			isa = PBXGroup;
			children = (
				56ADCF071F7365CD0068E370 /* DataView.swift */,
				56ADCF091F73675D0068E370 /* Crc32.swift */,
				56ADCF191F73C0010068E370 /* ByteArrayConvertible.swift */,
			);
			path = InspectBinary;
			sourceTree = "<group>";
		};
		565931941FD53F6100E80835 /* Common */ = {
			isa = PBXGroup;
			children = (
				565931951FD53FA900E80835 /* UIImageExtension.swift */,
				565931971FD542D100E80835 /* CGRectExtension.swift */,
				565931991FD543C700E80835 /* CGSizeExtension.swift */,
			);
			path = Common;
			sourceTree = "<group>";
		};
		56ADCED51F7349780068E370 = {
			isa = PBXGroup;
			children = (
				56ADCEE01F7349780068E370 /* apngSample */,
				56ADCEF51F7349780068E370 /* apngSampleTests */,
				56ADCEDF1F7349780068E370 /* Products */,
			);
			sourceTree = "<group>";
		};
		56ADCEDF1F7349780068E370 /* Products */ = {
			isa = PBXGroup;
			children = (
				56ADCEDE1F7349780068E370 /* apngSample.app */,
				56ADCEF21F7349780068E370 /* apngSampleTests.xctest */,
			);
			name = Products;
			sourceTree = "<group>";
		};
		56ADCEE01F7349780068E370 /* apngSample */ = {
			isa = PBXGroup;
			children = (
				565931941FD53F6100E80835 /* Common */,
				565931931FD53D8700E80835 /* InspectBinary */,
				56ADCF041F7364550068E370 /* APNG */,
				56ADCF011F7349840068E370 /* Resource */,
				56ADCEE11F7349780068E370 /* AppDelegate.swift */,
				56ADCEE31F7349780068E370 /* ViewController.swift */,
				56ADCEE51F7349780068E370 /* Main.storyboard */,
				56ADCEE81F7349780068E370 /* Assets.xcassets */,
				56ADCEEA1F7349780068E370 /* LaunchScreen.storyboard */,
				56ADCEED1F7349780068E370 /* Info.plist */,
			);
			path = apngSample;
			sourceTree = "<group>";
		};
		56ADCEF51F7349780068E370 /* apngSampleTests */ = {
			isa = PBXGroup;
			children = (
				56ADCEF61F7349780068E370 /* apngSampleTests.swift */,
				56ADCEF81F7349780068E370 /* Info.plist */,
			);
			path = apngSampleTests;
			sourceTree = "<group>";
		};
		56ADCF011F7349840068E370 /* Resource */ = {
			isa = PBXGroup;
			children = (
				56ADCF021F7349FD0068E370 /* animated.png */,
			);
			path = Resource;
			sourceTree = "<group>";
		};
		56ADCF041F7364550068E370 /* APNG */ = {
			isa = PBXGroup;
			children = (
				56ADCF101F73BF350068E370 /* ChunkData */,
				56ADCF051F7364640068E370 /* APNG.swift */,
				56ADCF0B1F73A9850068E370 /* PngChunk.swift */,
				56ADCF0E1F73B6AF0068E370 /* ChunkType.swift */,
			);
			path = APNG;
			sourceTree = "<group>";
		};
		56ADCF101F73BF350068E370 /* ChunkData */ = {
			isa = PBXGroup;
			children = (
				56ADCF111F73BF4E0068E370 /* PngFctlChunkData.swift */,
				56ADCF131F73BF710068E370 /* PngFdatChunkData.swift */,
				56ADCF151F73BF8B0068E370 /* PngActlChunkData.swift */,
				56ADCF171F73BFA20068E370 /* PngIHDRChunkData.swift */,
				56ADCF1B1F73C2EF0068E370 /* PngTextChunkData.swift */,
				56846C411F73D11700FAD362 /* PngIdatChunkData.swift */,
				56846C431F74965A00FAD362 /* PngPlteChunkData.swift */,
			);
			path = ChunkData;
			sourceTree = "<group>";
		};
/* End PBXGroup section */

/* Begin PBXNativeTarget section */
		56ADCEDD1F7349780068E370 /* apngSample */ = {
			isa = PBXNativeTarget;
			buildConfigurationList = 56ADCEFB1F7349780068E370 /* Build configuration list for PBXNativeTarget "apngSample" */;
			buildPhases = (
				56ADCEDA1F7349780068E370 /* Sources */,
				56ADCEDB1F7349780068E370 /* Frameworks */,
				56ADCEDC1F7349780068E370 /* Resources */,
			);
			buildRules = (
			);
			dependencies = (
			);
			name = apngSample;
			productName = apngSample;
			productReference = 56ADCEDE1F7349780068E370 /* apngSample.app */;
			productType = "com.apple.product-type.application";
		};
		56ADCEF11F7349780068E370 /* apngSampleTests */ = {
			isa = PBXNativeTarget;
			buildConfigurationList = 56ADCEFE1F7349780068E370 /* Build configuration list for PBXNativeTarget "apngSampleTests" */;
			buildPhases = (
				56ADCEEE1F7349780068E370 /* Sources */,
				56ADCEEF1F7349780068E370 /* Frameworks */,
				56ADCEF01F7349780068E370 /* Resources */,
			);
			buildRules = (
			);
			dependencies = (
				56ADCEF41F7349780068E370 /* PBXTargetDependency */,
			);
			name = apngSampleTests;
			productName = apngSampleTests;
			productReference = 56ADCEF21F7349780068E370 /* apngSampleTests.xctest */;
			productType = "com.apple.product-type.bundle.unit-test";
		};
/* End PBXNativeTarget section */

/* Begin PBXProject section */
		56ADCED61F7349780068E370 /* Project object */ = {
			isa = PBXProject;
			attributes = {
				LastSwiftUpdateCheck = 0900;
				LastUpgradeCheck = 0900;
				ORGANIZATIONNAME = ha1f;
				TargetAttributes = {
					56ADCEDD1F7349780068E370 = {
						CreatedOnToolsVersion = 9.0;
						ProvisioningStyle = Automatic;
					};
					56ADCEF11F7349780068E370 = {
						CreatedOnToolsVersion = 9.0;
						ProvisioningStyle = Automatic;
						TestTargetID = 56ADCEDD1F7349780068E370;
					};
				};
			};
			buildConfigurationList = 56ADCED91F7349780068E370 /* Build configuration list for PBXProject "apngSample" */;
			compatibilityVersion = "Xcode 8.0";
			developmentRegion = en;
			hasScannedForEncodings = 0;
			knownRegions = (
				en,
				Base,
			);
			mainGroup = 56ADCED51F7349780068E370;
			productRefGroup = 56ADCEDF1F7349780068E370 /* Products */;
			projectDirPath = "";
			projectRoot = "";
			targets = (
				56ADCEDD1F7349780068E370 /* apngSample */,
				56ADCEF11F7349780068E370 /* apngSampleTests */,
			);
		};
/* End PBXProject section */

/* Begin PBXResourcesBuildPhase section */
		56ADCEDC1F7349780068E370 /* Resources */ = {
			isa = PBXResourcesBuildPhase;
			buildActionMask = 2147483647;
			files = (
				56ADCF031F734CCA0068E370 /* animated.png in Resources */,
				56ADCEEC1F7349780068E370 /* LaunchScreen.storyboard in Resources */,
				56ADCEE91F7349780068E370 /* Assets.xcassets in Resources */,
				56ADCEE71F7349780068E370 /* Main.storyboard in Resources */,
			);
			runOnlyForDeploymentPostprocessing = 0;
		};
		56ADCEF01F7349780068E370 /* Resources */ = {
			isa = PBXResourcesBuildPhase;
			buildActionMask = 2147483647;
			files = (
			);
			runOnlyForDeploymentPostprocessing = 0;
		};
/* End PBXResourcesBuildPhase section */

/* Begin PBXSourcesBuildPhase section */
		56ADCEDA1F7349780068E370 /* Sources */ = {
			isa = PBXSourcesBuildPhase;
			buildActionMask = 2147483647;
			files = (
				56ADCF0F1F73B6AF0068E370 /* ChunkType.swift in Sources */,
				56846C421F73D11700FAD362 /* PngIdatChunkData.swift in Sources */,
				5659319A1FD543C700E80835 /* CGSizeExtension.swift in Sources */,
				56846C441F74965A00FAD362 /* PngPlteChunkData.swift in Sources */,
				56ADCF141F73BF710068E370 /* PngFdatChunkData.swift in Sources */,
				56ADCF181F73BFA20068E370 /* PngIHDRChunkData.swift in Sources */,
				565931981FD542D100E80835 /* CGRectExtension.swift in Sources */,
				56ADCEE41F7349780068E370 /* ViewController.swift in Sources */,
				56ADCF121F73BF4E0068E370 /* PngFctlChunkData.swift in Sources */,
				56ADCF061F7364640068E370 /* APNG.swift in Sources */,
				56ADCF1C1F73C2EF0068E370 /* PngTextChunkData.swift in Sources */,
				56ADCF081F7365CD0068E370 /* DataView.swift in Sources */,
				56ADCEE21F7349780068E370 /* AppDelegate.swift in Sources */,
				56ADCF0A1F73675D0068E370 /* Crc32.swift in Sources */,
				56ADCF1A1F73C0010068E370 /* ByteArrayConvertible.swift in Sources */,
				56ADCF0C1F73A9850068E370 /* PngChunk.swift in Sources */,
				56ADCF161F73BF8B0068E370 /* PngActlChunkData.swift in Sources */,
				565931961FD53FA900E80835 /* UIImageExtension.swift in Sources */,
			);
			runOnlyForDeploymentPostprocessing = 0;
		};
		56ADCEEE1F7349780068E370 /* Sources */ = {
			isa = PBXSourcesBuildPhase;
			buildActionMask = 2147483647;
			files = (
				56ADCEF71F7349780068E370 /* apngSampleTests.swift in Sources */,
			);
			runOnlyForDeploymentPostprocessing = 0;
		};
/* End PBXSourcesBuildPhase section */

/* Begin PBXTargetDependency section */
		56ADCEF41F7349780068E370 /* PBXTargetDependency */ = {
			isa = PBXTargetDependency;
			target = 56ADCEDD1F7349780068E370 /* apngSample */;
			targetProxy = 56ADCEF31F7349780068E370 /* PBXContainerItemProxy */;
		};
/* End PBXTargetDependency section */

/* Begin PBXVariantGroup section */
		56ADCEE51F7349780068E370 /* Main.storyboard */ = {
			isa = PBXVariantGroup;
			children = (
				56ADCEE61F7349780068E370 /* Base */,
			);
			name = Main.storyboard;
			sourceTree = "<group>";
		};
		56ADCEEA1F7349780068E370 /* LaunchScreen.storyboard */ = {
			isa = PBXVariantGroup;
			children = (
				56ADCEEB1F7349780068E370 /* Base */,
			);
			name = LaunchScreen.storyboard;
			sourceTree = "<group>";
		};
/* End PBXVariantGroup section */

/* Begin XCBuildConfiguration section */
		56ADCEF91F7349780068E370 /* Debug */ = {
			isa = XCBuildConfiguration;
			buildSettings = {
				ALWAYS_SEARCH_USER_PATHS = NO;
				CLANG_ANALYZER_NONNULL = YES;
				CLANG_ANALYZER_NUMBER_OBJECT_CONVERSION = YES_AGGRESSIVE;
				CLANG_CXX_LANGUAGE_STANDARD = "gnu++14";
				CLANG_CXX_LIBRARY = "libc++";
				CLANG_ENABLE_MODULES = YES;
				CLANG_ENABLE_OBJC_ARC = YES;
				CLANG_WARN_BLOCK_CAPTURE_AUTORELEASING = YES;
				CLANG_WARN_BOOL_CONVERSION = YES;
				CLANG_WARN_COMMA = YES;
				CLANG_WARN_CONSTANT_CONVERSION = YES;
				CLANG_WARN_DIRECT_OBJC_ISA_USAGE = YES_ERROR;
				CLANG_WARN_DOCUMENTATION_COMMENTS = YES;
				CLANG_WARN_EMPTY_BODY = YES;
				CLANG_WARN_ENUM_CONVERSION = YES;
				CLANG_WARN_INFINITE_RECURSION = YES;
				CLANG_WARN_INT_CONVERSION = YES;
				CLANG_WARN_NON_LITERAL_NULL_CONVERSION = YES;
				CLANG_WARN_OBJC_LITERAL_CONVERSION = YES;
				CLANG_WARN_OBJC_ROOT_CLASS = YES_ERROR;
				CLANG_WARN_RANGE_LOOP_ANALYSIS = YES;
				CLANG_WARN_STRICT_PROTOTYPES = YES;
				CLANG_WARN_SUSPICIOUS_MOVE = YES;
				CLANG_WARN_UNGUARDED_AVAILABILITY = YES_AGGRESSIVE;
				CLANG_WARN_UNREACHABLE_CODE = YES;
				CLANG_WARN__DUPLICATE_METHOD_MATCH = YES;
				CODE_SIGN_IDENTITY = "iPhone Developer";
				COPY_PHASE_STRIP = NO;
				DEBUG_INFORMATION_FORMAT = dwarf;
				ENABLE_STRICT_OBJC_MSGSEND = YES;
				ENABLE_TESTABILITY = YES;
				GCC_C_LANGUAGE_STANDARD = gnu11;
				GCC_DYNAMIC_NO_PIC = NO;
				GCC_NO_COMMON_BLOCKS = YES;
				GCC_OPTIMIZATION_LEVEL = 0;
				GCC_PREPROCESSOR_DEFINITIONS = (
					"DEBUG=1",
					"$(inherited)",
				);
				GCC_WARN_64_TO_32_BIT_CONVERSION = YES;
				GCC_WARN_ABOUT_RETURN_TYPE = YES_ERROR;
				GCC_WARN_UNDECLARED_SELECTOR = YES;
				GCC_WARN_UNINITIALIZED_AUTOS = YES_AGGRESSIVE;
				GCC_WARN_UNUSED_FUNCTION = YES;
				GCC_WARN_UNUSED_VARIABLE = YES;
				IPHONEOS_DEPLOYMENT_TARGET = 11.0;
				MTL_ENABLE_DEBUG_INFO = YES;
				ONLY_ACTIVE_ARCH = YES;
				SDKROOT = iphoneos;
				SWIFT_ACTIVE_COMPILATION_CONDITIONS = DEBUG;
				SWIFT_OPTIMIZATION_LEVEL = "-Onone";
			};
			name = Debug;
		};
		56ADCEFA1F7349780068E370 /* Release */ = {
			isa = XCBuildConfiguration;
			buildSettings = {
				ALWAYS_SEARCH_USER_PATHS = NO;
				CLANG_ANALYZER_NONNULL = YES;
				CLANG_ANALYZER_NUMBER_OBJECT_CONVERSION = YES_AGGRESSIVE;
				CLANG_CXX_LANGUAGE_STANDARD = "gnu++14";
				CLANG_CXX_LIBRARY = "libc++";
				CLANG_ENABLE_MODULES = YES;
				CLANG_ENABLE_OBJC_ARC = YES;
				CLANG_WARN_BLOCK_CAPTURE_AUTORELEASING = YES;
				CLANG_WARN_BOOL_CONVERSION = YES;
				CLANG_WARN_COMMA = YES;
				CLANG_WARN_CONSTANT_CONVERSION = YES;
				CLANG_WARN_DIRECT_OBJC_ISA_USAGE = YES_ERROR;
				CLANG_WARN_DOCUMENTATION_COMMENTS = YES;
				CLANG_WARN_EMPTY_BODY = YES;
				CLANG_WARN_ENUM_CONVERSION = YES;
				CLANG_WARN_INFINITE_RECURSION = YES;
				CLANG_WARN_INT_CONVERSION = YES;
				CLANG_WARN_NON_LITERAL_NULL_CONVERSION = YES;
				CLANG_WARN_OBJC_LITERAL_CONVERSION = YES;
				CLANG_WARN_OBJC_ROOT_CLASS = YES_ERROR;
				CLANG_WARN_RANGE_LOOP_ANALYSIS = YES;
				CLANG_WARN_STRICT_PROTOTYPES = YES;
				CLANG_WARN_SUSPICIOUS_MOVE = YES;
				CLANG_WARN_UNGUARDED_AVAILABILITY = YES_AGGRESSIVE;
				CLANG_WARN_UNREACHABLE_CODE = YES;
				CLANG_WARN__DUPLICATE_METHOD_MATCH = YES;
				CODE_SIGN_IDENTITY = "iPhone Developer";
				COPY_PHASE_STRIP = NO;
				DEBUG_INFORMATION_FORMAT = "dwarf-with-dsym";
				ENABLE_NS_ASSERTIONS = NO;
				ENABLE_STRICT_OBJC_MSGSEND = YES;
				GCC_C_LANGUAGE_STANDARD = gnu11;
				GCC_NO_COMMON_BLOCKS = YES;
				GCC_WARN_64_TO_32_BIT_CONVERSION = YES;
				GCC_WARN_ABOUT_RETURN_TYPE = YES_ERROR;
				GCC_WARN_UNDECLARED_SELECTOR = YES;
				GCC_WARN_UNINITIALIZED_AUTOS = YES_AGGRESSIVE;
				GCC_WARN_UNUSED_FUNCTION = YES;
				GCC_WARN_UNUSED_VARIABLE = YES;
				IPHONEOS_DEPLOYMENT_TARGET = 11.0;
				MTL_ENABLE_DEBUG_INFO = NO;
				SDKROOT = iphoneos;
				SWIFT_OPTIMIZATION_LEVEL = "-Owholemodule";
				VALIDATE_PRODUCT = YES;
			};
			name = Release;
		};
		56ADCEFC1F7349780068E370 /* Debug */ = {
			isa = XCBuildConfiguration;
			buildSettings = {
				ASSETCATALOG_COMPILER_APPICON_NAME = AppIcon;
				CODE_SIGN_STYLE = Automatic;
				DEVELOPMENT_TEAM = V723YSJ67H;
				INFOPLIST_FILE = apngSample/Info.plist;
				LD_RUNPATH_SEARCH_PATHS = "$(inherited) @executable_path/Frameworks";
				PRODUCT_BUNDLE_IDENTIFIER = net.ha1f.apngSample;
				PRODUCT_NAME = "$(TARGET_NAME)";
				SWIFT_VERSION = 4.0;
				TARGETED_DEVICE_FAMILY = "1,2";
			};
			name = Debug;
		};
		56ADCEFD1F7349780068E370 /* Release */ = {
			isa = XCBuildConfiguration;
			buildSettings = {
				ASSETCATALOG_COMPILER_APPICON_NAME = AppIcon;
				CODE_SIGN_STYLE = Automatic;
				DEVELOPMENT_TEAM = V723YSJ67H;
				INFOPLIST_FILE = apngSample/Info.plist;
				LD_RUNPATH_SEARCH_PATHS = "$(inherited) @executable_path/Frameworks";
				PRODUCT_BUNDLE_IDENTIFIER = net.ha1f.apngSample;
				PRODUCT_NAME = "$(TARGET_NAME)";
				SWIFT_VERSION = 4.0;
				TARGETED_DEVICE_FAMILY = "1,2";
			};
			name = Release;
		};
		56ADCEFF1F7349780068E370 /* Debug */ = {
			isa = XCBuildConfiguration;
			buildSettings = {
				ALWAYS_EMBED_SWIFT_STANDARD_LIBRARIES = YES;
				BUNDLE_LOADER = "$(TEST_HOST)";
				CODE_SIGN_STYLE = Automatic;
				DEVELOPMENT_TEAM = V723YSJ67H;
				INFOPLIST_FILE = apngSampleTests/Info.plist;
				LD_RUNPATH_SEARCH_PATHS = "$(inherited) @executable_path/Frameworks @loader_path/Frameworks";
				PRODUCT_BUNDLE_IDENTIFIER = net.ha1f.apngSampleTests;
				PRODUCT_NAME = "$(TARGET_NAME)";
				SWIFT_VERSION = 4.0;
				TARGETED_DEVICE_FAMILY = "1,2";
				TEST_HOST = "$(BUILT_PRODUCTS_DIR)/apngSample.app/apngSample";
			};
			name = Debug;
		};
		56ADCF001F7349780068E370 /* Release */ = {
			isa = XCBuildConfiguration;
			buildSettings = {
				ALWAYS_EMBED_SWIFT_STANDARD_LIBRARIES = YES;
				BUNDLE_LOADER = "$(TEST_HOST)";
				CODE_SIGN_STYLE = Automatic;
				DEVELOPMENT_TEAM = V723YSJ67H;
				INFOPLIST_FILE = apngSampleTests/Info.plist;
				LD_RUNPATH_SEARCH_PATHS = "$(inherited) @executable_path/Frameworks @loader_path/Frameworks";
				PRODUCT_BUNDLE_IDENTIFIER = net.ha1f.apngSampleTests;
				PRODUCT_NAME = "$(TARGET_NAME)";
				SWIFT_VERSION = 4.0;
				TARGETED_DEVICE_FAMILY = "1,2";
				TEST_HOST = "$(BUILT_PRODUCTS_DIR)/apngSample.app/apngSample";
			};
			name = Release;
		};
/* End XCBuildConfiguration section */

/* Begin XCConfigurationList section */
		56ADCED91F7349780068E370 /* Build configuration list for PBXProject "apngSample" */ = {
			isa = XCConfigurationList;
			buildConfigurations = (
				56ADCEF91F7349780068E370 /* Debug */,
				56ADCEFA1F7349780068E370 /* Release */,
			);
			defaultConfigurationIsVisible = 0;
			defaultConfigurationName = Release;
		};
		56ADCEFB1F7349780068E370 /* Build configuration list for PBXNativeTarget "apngSample" */ = {
			isa = XCConfigurationList;
			buildConfigurations = (
				56ADCEFC1F7349780068E370 /* Debug */,
				56ADCEFD1F7349780068E370 /* Release */,
			);
			defaultConfigurationIsVisible = 0;
			defaultConfigurationName = Release;
		};
		56ADCEFE1F7349780068E370 /* Build configuration list for PBXNativeTarget "apngSampleTests" */ = {
			isa = XCConfigurationList;
			buildConfigurations = (
				56ADCEFF1F7349780068E370 /* Debug */,
				56ADCF001F7349780068E370 /* Release */,
			);
			defaultConfigurationIsVisible = 0;
			defaultConfigurationName = Release;
		};
/* End XCConfigurationList section */
	};
	rootObject = 56ADCED61F7349780068E370 /* Project object */;
}
